
Microsoft Visual Studio Solution File, Format Version 12.00
# Visual Studio Version 16
VisualStudioVersion = 16.0.31129.286
MinimumVisualStudioVersion = 10.0.40219.1
Project("{FAE04EC0-301F-11D3-BF4B-00C04F79EFBC}") = "SMProjekt", "SMProjekt\SMProjekt.csproj", "{97A75475-1E98-45E6-85C0-2E543A288D2D}"
EndProject
Global
	GlobalSection(SolutionConfigurationPlatforms) = preSolution
		Debug|Any CPU = Debug|Any CPU
		Release|Any CPU = Release|Any CPU
	EndGlobalSection
	GlobalSection(ProjectConfigurationPlatforms) = postSolution
		{97A75475-1E98-45E6-85C0-2E543A288D2D}.Debug|Any CPU.ActiveCfg = Debug|Any CPU
		{97A75475-1E98-45E6-85C0-2E543A288D2D}.Debug|Any CPU.Build.0 = Debug|Any CPU
		{97A75475-1E98-45E6-85C0-2E543A288D2D}.Release|Any CPU.ActiveCfg = Release|Any CPU
		{97A75475-1E98-45E6-85C0-2E543A288D2D}.Release|Any CPU.Build.0 = Release|Any CPU
	EndGlobalSection
	GlobalSection(SolutionProperties) = preSolution
		HideSolutionNode = FALSE
	EndGlobalSection
	GlobalSection(ExtensibilityGlobals) = postSolution
		SolutionGuid = {7E42A66D-7187-4833-B19D-9C508C4E49E2}
	EndGlobalSection
EndGlobal
